
Microsoft Visual Studio Solution File, Format Version 12.00
# Visual Studio Version 16
VisualStudioVersion = 16.0.29201.188
MinimumVisualStudioVersion = 10.0.40219.1
Project("{FAE04EC0-301F-11D3-BF4B-00C04F79EFBC}") = "TaskListCapstone4", "TaskListCapstone4\TaskListCapstone4.csproj", "{DB486CAD-7228-4B08-B119-67C5E4D5CF15}"
EndProject
Global
	GlobalSection(SolutionConfigurationPlatforms) = preSolution
		Debug|Any CPU = Debug|Any CPU
		Release|Any CPU = Release|Any CPU
	EndGlobalSection
	GlobalSection(ProjectConfigurationPlatforms) = postSolution
		{DB486CAD-7228-4B08-B119-67C5E4D5CF15}.Debug|Any CPU.ActiveCfg = Debug|Any CPU
		{DB486CAD-7228-4B08-B119-67C5E4D5CF15}.Debug|Any CPU.Build.0 = Debug|Any CPU
		{DB486CAD-7228-4B08-B119-67C5E4D5CF15}.Release|Any CPU.ActiveCfg = Release|Any CPU
		{DB486CAD-7228-4B08-B119-67C5E4D5CF15}.Release|Any CPU.Build.0 = Release|Any CPU
	EndGlobalSection
	GlobalSection(SolutionProperties) = preSolution
		HideSolutionNode = FALSE
	EndGlobalSection
	GlobalSection(ExtensibilityGlobals) = postSolution
		SolutionGuid = {979614B8-A73B-4D06-B553-166E39E0DEE0}
	EndGlobalSection
EndGlobal
